{
	"name": "PVRNDemo",
	"version": "0.0.1",
	"lockfileVersion": 1,
	"requires": true,
	"dependencies": {
		"rnamplitudebridge": {
			"version": "1.1.0",
			"resolved": "https://registry.npmjs.org/rnamplitudebridge/-/rnamplitudebridge-1.1.0.tgz",
			"integrity": "sha512-XZ2ahr39KZFk7minTq/zxFPhVzuIfqjdtpu9u7avH2ThrAfQHdopCo/G1bRr6mtiVL3z8daQDpWsKukwGZcv+g=="
		}
	}
}
