{
	"name": "PVRNDemo",
	"version": "0.0.1",
	"lockfileVersion": 1,
	"requires": true,
	"dependencies": {
		"rnamplitudebridge": {
			"version": "1.0.1-1",
			"resolved": "https://registry.npmjs.org/rnamplitudebridge/-/rnamplitudebridge-1.0.1-1.tgz",
			"integrity": "sha512-fRRCbrydAT9ec1IIG/L66P0Q2LTPzlNkDtNwbCGNm0XfQO3Cm5qDSMehQzA8sfIl2Rb68bKMBco6TwvsXkfZcw=="
		}
	}
}
